
Microsoft Visual Studio Solution File, Format Version 12.00
# Visual Studio Version 17
VisualStudioVersion = 17.1.32228.430
MinimumVisualStudioVersion = 10.0.40219.1
Project("{FAE04EC0-301F-11D3-BF4B-00C04F79EFBC}") = "Ejercicio2.Android", "Ejercicio2\Ejercicio2.Android\Ejercicio2.Android.csproj", "{A91F235B-B9C4-4680-961A-6A896D928640}"
EndProject
Project("{FAE04EC0-301F-11D3-BF4B-00C04F79EFBC}") = "Ejercicio2.iOS", "Ejercicio2\Ejercicio2.iOS\Ejercicio2.iOS.csproj", "{95886B75-D3EF-439E-8D17-92E367AF8118}"
EndProject
Project("{FAE04EC0-301F-11D3-BF4B-00C04F79EFBC}") = "Ejercicio2", "Ejercicio2\Ejercicio2\Ejercicio2.csproj", "{EC41232E-949E-4D09-B424-658CD049EC9E}"
EndProject
Global
	GlobalSection(SolutionConfigurationPlatforms) = preSolution
		Debug|Any CPU = Debug|Any CPU
		Debug|iPhone = Debug|iPhone
		Debug|iPhoneSimulator = Debug|iPhoneSimulator
		Release|Any CPU = Release|Any CPU
		Release|iPhone = Release|iPhone
		Release|iPhoneSimulator = Release|iPhoneSimulator
	EndGlobalSection
	GlobalSection(ProjectConfigurationPlatforms) = postSolution
		{A91F235B-B9C4-4680-961A-6A896D928640}.Debug|Any CPU.ActiveCfg = Debug|Any CPU
		{A91F235B-B9C4-4680-961A-6A896D928640}.Debug|Any CPU.Build.0 = Debug|Any CPU
		{A91F235B-B9C4-4680-961A-6A896D928640}.Debug|Any CPU.Deploy.0 = Debug|Any CPU
		{A91F235B-B9C4-4680-961A-6A896D928640}.Debug|iPhone.ActiveCfg = Debug|Any CPU
		{A91F235B-B9C4-4680-961A-6A896D928640}.Debug|iPhone.Build.0 = Debug|Any CPU
		{A91F235B-B9C4-4680-961A-6A896D928640}.Debug|iPhone.Deploy.0 = Debug|Any CPU
		{A91F235B-B9C4-4680-961A-6A896D928640}.Debug|iPhoneSimulator.ActiveCfg = Debug|Any CPU
		{A91F235B-B9C4-4680-961A-6A896D928640}.Debug|iPhoneSimulator.Build.0 = Debug|Any CPU
		{A91F235B-B9C4-4680-961A-6A896D928640}.Debug|iPhoneSimulator.Deploy.0 = Debug|Any CPU
		{A91F235B-B9C4-4680-961A-6A896D928640}.Release|Any CPU.ActiveCfg = Release|Any CPU
		{A91F235B-B9C4-4680-961A-6A896D928640}.Release|Any CPU.Build.0 = Release|Any CPU
		{A91F235B-B9C4-4680-961A-6A896D928640}.Release|Any CPU.Deploy.0 = Release|Any CPU
		{A91F235B-B9C4-4680-961A-6A896D928640}.Release|iPhone.ActiveCfg = Release|Any CPU
		{A91F235B-B9C4-4680-961A-6A896D928640}.Release|iPhone.Build.0 = Release|Any CPU
		{A91F235B-B9C4-4680-961A-6A896D928640}.Release|iPhone.Deploy.0 = Release|Any CPU
		{A91F235B-B9C4-4680-961A-6A896D928640}.Release|iPhoneSimulator.ActiveCfg = Release|Any CPU
		{A91F235B-B9C4-4680-961A-6A896D928640}.Release|iPhoneSimulator.Build.0 = Release|Any CPU
		{A91F235B-B9C4-4680-961A-6A896D928640}.Release|iPhoneSimulator.Deploy.0 = Release|Any CPU
		{95886B75-D3EF-439E-8D17-92E367AF8118}.Debug|Any CPU.ActiveCfg = Debug|iPhone
		{95886B75-D3EF-439E-8D17-92E367AF8118}.Debug|Any CPU.Build.0 = Debug|iPhone
		{95886B75-D3EF-439E-8D17-92E367AF8118}.Debug|Any CPU.Deploy.0 = Debug|iPhone
		{95886B75-D3EF-439E-8D17-92E367AF8118}.Debug|iPhone.ActiveCfg = Debug|iPhone
		{95886B75-D3EF-439E-8D17-92E367AF8118}.Debug|iPhone.Build.0 = Debug|iPhone
		{95886B75-D3EF-439E-8D17-92E367AF8118}.Debug|iPhone.Deploy.0 = Debug|iPhone
		{95886B75-D3EF-439E-8D17-92E367AF8118}.Debug|iPhoneSimulator.ActiveCfg = Debug|iPhoneSimulator
		{95886B75-D3EF-439E-8D17-92E367AF8118}.Debug|iPhoneSimulator.Build.0 = Debug|iPhoneSimulator
		{95886B75-D3EF-439E-8D17-92E367AF8118}.Debug|iPhoneSimulator.Deploy.0 = Debug|iPhoneSimulator
		{95886B75-D3EF-439E-8D17-92E367AF8118}.Release|Any CPU.ActiveCfg = Release|iPhoneSimulator
		{95886B75-D3EF-439E-8D17-92E367AF8118}.Release|Any CPU.Build.0 = Release|iPhoneSimulator
		{95886B75-D3EF-439E-8D17-92E367AF8118}.Release|Any CPU.Deploy.0 = Release|iPhoneSimulator
		{95886B75-D3EF-439E-8D17-92E367AF8118}.Release|iPhone.ActiveCfg = Release|iPhone
		{95886B75-D3EF-439E-8D17-92E367AF8118}.Release|iPhone.Build.0 = Release|iPhone
		{95886B75-D3EF-439E-8D17-92E367AF8118}.Release|iPhone.Deploy.0 = Release|iPhone
		{95886B75-D3EF-439E-8D17-92E367AF8118}.Release|iPhoneSimulator.ActiveCfg = Release|iPhoneSimulator
		{95886B75-D3EF-439E-8D17-92E367AF8118}.Release|iPhoneSimulator.Build.0 = Release|iPhoneSimulator
		{95886B75-D3EF-439E-8D17-92E367AF8118}.Release|iPhoneSimulator.Deploy.0 = Release|iPhoneSimulator
		{EC41232E-949E-4D09-B424-658CD049EC9E}.Debug|Any CPU.ActiveCfg = Debug|Any CPU
		{EC41232E-949E-4D09-B424-658CD049EC9E}.Debug|Any CPU.Build.0 = Debug|Any CPU
		{EC41232E-949E-4D09-B424-658CD049EC9E}.Debug|Any CPU.Deploy.0 = Debug|Any CPU
		{EC41232E-949E-4D09-B424-658CD049EC9E}.Debug|iPhone.ActiveCfg = Debug|Any CPU
		{EC41232E-949E-4D09-B424-658CD049EC9E}.Debug|iPhone.Build.0 = Debug|Any CPU
		{EC41232E-949E-4D09-B424-658CD049EC9E}.Debug|iPhone.Deploy.0 = Debug|Any CPU
		{EC41232E-949E-4D09-B424-658CD049EC9E}.Debug|iPhoneSimulator.ActiveCfg = Debug|Any CPU
		{EC41232E-949E-4D09-B424-658CD049EC9E}.Debug|iPhoneSimulator.Build.0 = Debug|Any CPU
		{EC41232E-949E-4D09-B424-658CD049EC9E}.Debug|iPhoneSimulator.Deploy.0 = Debug|Any CPU
		{EC41232E-949E-4D09-B424-658CD049EC9E}.Release|Any CPU.ActiveCfg = Release|Any CPU
		{EC41232E-949E-4D09-B424-658CD049EC9E}.Release|Any CPU.Build.0 = Release|Any CPU
		{EC41232E-949E-4D09-B424-658CD049EC9E}.Release|Any CPU.Deploy.0 = Release|Any CPU
		{EC41232E-949E-4D09-B424-658CD049EC9E}.Release|iPhone.ActiveCfg = Release|Any CPU
		{EC41232E-949E-4D09-B424-658CD049EC9E}.Release|iPhone.Build.0 = Release|Any CPU
		{EC41232E-949E-4D09-B424-658CD049EC9E}.Release|iPhone.Deploy.0 = Release|Any CPU
		{EC41232E-949E-4D09-B424-658CD049EC9E}.Release|iPhoneSimulator.ActiveCfg = Release|Any CPU
		{EC41232E-949E-4D09-B424-658CD049EC9E}.Release|iPhoneSimulator.Build.0 = Release|Any CPU
		{EC41232E-949E-4D09-B424-658CD049EC9E}.Release|iPhoneSimulator.Deploy.0 = Release|Any CPU
	EndGlobalSection
	GlobalSection(SolutionProperties) = preSolution
		HideSolutionNode = FALSE
	EndGlobalSection
	GlobalSection(ExtensibilityGlobals) = postSolution
		SolutionGuid = {2ECE3566-690C-4903-B1CF-A89147F5CE75}
	EndGlobalSection
EndGlobal
